
Microsoft Visual Studio Solution File, Format Version 12.00
# Visual Studio Version 17
VisualStudioVersion = 17.8.34330.188
MinimumVisualStudioVersion = 10.0.40219.1
Project("{9A19103F-16F7-4668-BE54-9A1E7A4F7556}") = "PokemonReviewApp", "PokemonReviewApp\PokemonReviewApp.csproj", "{38F39B0D-EB4A-4499-8F15-D86C1FABF85F}"
EndProject
Project("{FAE04EC0-301F-11D3-BF4B-00C04F79EFBC}") = "MVC_CallAPI", "MVC_CallAPI\MVC_CallAPI.csproj", "{39BB428F-27E9-4DFE-A501-A3579845BFE1}"
EndProject
Global
	GlobalSection(SolutionConfigurationPlatforms) = preSolution
		Debug|Any CPU = Debug|Any CPU
		Release|Any CPU = Release|Any CPU
	EndGlobalSection
	GlobalSection(ProjectConfigurationPlatforms) = postSolution
		{38F39B0D-EB4A-4499-8F15-D86C1FABF85F}.Debug|Any CPU.ActiveCfg = Debug|Any CPU
		{38F39B0D-EB4A-4499-8F15-D86C1FABF85F}.Debug|Any CPU.Build.0 = Debug|Any CPU
		{38F39B0D-EB4A-4499-8F15-D86C1FABF85F}.Release|Any CPU.ActiveCfg = Release|Any CPU
		{38F39B0D-EB4A-4499-8F15-D86C1FABF85F}.Release|Any CPU.Build.0 = Release|Any CPU
		{39BB428F-27E9-4DFE-A501-A3579845BFE1}.Debug|Any CPU.ActiveCfg = Debug|Any CPU
		{39BB428F-27E9-4DFE-A501-A3579845BFE1}.Debug|Any CPU.Build.0 = Debug|Any CPU
		{39BB428F-27E9-4DFE-A501-A3579845BFE1}.Release|Any CPU.ActiveCfg = Release|Any CPU
		{39BB428F-27E9-4DFE-A501-A3579845BFE1}.Release|Any CPU.Build.0 = Release|Any CPU
	EndGlobalSection
	GlobalSection(SolutionProperties) = preSolution
		HideSolutionNode = FALSE
	EndGlobalSection
	GlobalSection(ExtensibilityGlobals) = postSolution
		SolutionGuid = {7548D08C-7E9F-4E1A-A49B-A371C6983327}
	EndGlobalSection
EndGlobal
